
Microsoft Visual Studio Solution File, Format Version 12.00
# Visual Studio Version 17
VisualStudioVersion = 17.8.34330.188
MinimumVisualStudioVersion = 10.0.40219.1
Project("{9A19103F-16F7-4668-BE54-9A1E7A4F7556}") = "ThePointOfTheMask", "ThePointOfTheMask.csproj", "{3AF2F31D-9733-48B2-8206-C4F0F16436D6}"
EndProject
Global
	GlobalSection(SolutionConfigurationPlatforms) = preSolution
		Debug|Any CPU = Debug|Any CPU
		Release|Any CPU = Release|Any CPU
	EndGlobalSection
	GlobalSection(ProjectConfigurationPlatforms) = postSolution
		{3AF2F31D-9733-48B2-8206-C4F0F16436D6}.Debug|Any CPU.ActiveCfg = Debug|Any CPU
		{3AF2F31D-9733-48B2-8206-C4F0F16436D6}.Debug|Any CPU.Build.0 = Debug|Any CPU
		{3AF2F31D-9733-48B2-8206-C4F0F16436D6}.Release|Any CPU.ActiveCfg = Release|Any CPU
		{3AF2F31D-9733-48B2-8206-C4F0F16436D6}.Release|Any CPU.Build.0 = Release|Any CPU
	EndGlobalSection
	GlobalSection(SolutionProperties) = preSolution
		HideSolutionNode = FALSE
	EndGlobalSection
	GlobalSection(ExtensibilityGlobals) = postSolution
		SolutionGuid = {1824EC97-CEFB-4852-AFEC-50FD5A8A7B33}
	EndGlobalSection
EndGlobal
